// !$*UTF8*$!
{
	archiveVersion = 1;
	classes = {
	};
	objectVersion = 46;
	objects = {

/* Begin PBXBuildFile section */
		8FA19B041A0D11AF00E8D523 /* main.m in Sources */ = {isa = PBXBuildFile; fileRef = 8FA19B031A0D11AF00E8D523 /* main.m */; };
		8FA19B071A0D11AF00E8D523 /* AppDelegate.m in Sources */ = {isa = PBXBuildFile; fileRef = 8FA19B061A0D11AF00E8D523 /* AppDelegate.m */; };
		8FA19B0A1A0D11AF00E8D523 /* ViewController.m in Sources */ = {isa = PBXBuildFile; fileRef = 8FA19B091A0D11AF00E8D523 /* ViewController.m */; };
		8FA19B0F1A0D11AF00E8D523 /* Images.xcassets in Resources */ = {isa = PBXBuildFile; fileRef = 8FA19B0E1A0D11AF00E8D523 /* Images.xcassets */; };
		8FA19B121A0D11AF00E8D523 /* LaunchScreen.xib in Resources */ = {isa = PBXBuildFile; fileRef = 8FA19B101A0D11AF00E8D523 /* LaunchScreen.xib */; };
		8FA19B291A0D121700E8D523 /* IADDisplayImageView.m in Sources */ = {isa = PBXBuildFile; fileRef = 8FA19B281A0D121700E8D523 /* IADDisplayImageView.m */; };
/* End PBXBuildFile section */

/* Begin PBXFileReference section */
		8FA19AFE1A0D11AF00E8D523 /* IADDisplay.app */ = {isa = PBXFileReference; explicitFileType = wrapper.application; includeInIndex = 0; path = IADDisplay.app; sourceTree = BUILT_PRODUCTS_DIR; };
		8FA19B021A0D11AF00E8D523 /* Info.plist */ = {isa = PBXFileReference; lastKnownFileType = text.plist.xml; path = Info.plist; sourceTree = "<group>"; };
		8FA19B031A0D11AF00E8D523 /* main.m */ = {isa = PBXFileReference; lastKnownFileType = sourcecode.c.objc; path = main.m; sourceTree = "<group>"; };
		8FA19B051A0D11AF00E8D523 /* AppDelegate.h */ = {isa = PBXFileReference; lastKnownFileType = sourcecode.c.h; path = AppDelegate.h; sourceTree = "<group>"; };
		8FA19B061A0D11AF00E8D523 /* AppDelegate.m */ = {isa = PBXFileReference; lastKnownFileType = sourcecode.c.objc; path = AppDelegate.m; sourceTree = "<group>"; };
		8FA19B081A0D11AF00E8D523 /* ViewController.h */ = {isa = PBXFileReference; lastKnownFileType = sourcecode.c.h; path = ViewController.h; sourceTree = "<group>"; };
		8FA19B091A0D11AF00E8D523 /* ViewController.m */ = {isa = PBXFileReference; lastKnownFileType = sourcecode.c.objc; path = ViewController.m; sourceTree = "<group>"; };
		8FA19B0E1A0D11AF00E8D523 /* Images.xcassets */ = {isa = PBXFileReference; lastKnownFileType = folder.assetcatalog; path = Images.xcassets; sourceTree = "<group>"; };
		8FA19B111A0D11AF00E8D523 /* Base */ = {isa = PBXFileReference; lastKnownFileType = file.xib; name = Base; path = Base.lproj/LaunchScreen.xib; sourceTree = "<group>"; };
		8FA19B271A0D121700E8D523 /* IADDisplayImageView.h */ = {isa = PBXFileReference; fileEncoding = 4; lastKnownFileType = sourcecode.c.h; path = IADDisplayImageView.h; sourceTree = "<group>"; };
		8FA19B281A0D121700E8D523 /* IADDisplayImageView.m */ = {isa = PBXFileReference; fileEncoding = 4; lastKnownFileType = sourcecode.c.objc; path = IADDisplayImageView.m; sourceTree = "<group>"; };
/* End PBXFileReference section */

/* Begin PBXFrameworksBuildPhase section */
		8FA19AFB1A0D11AF00E8D523 /* Frameworks */ = {
			isa = PBXFrameworksBuildPhase;
			buildActionMask = 2147483647;
			files = (
			);
			runOnlyForDeploymentPostprocessing = 0;
		};
/* End PBXFrameworksBuildPhase section */

/* Begin PBXGroup section */
		8FA19AF51A0D11AF00E8D523 = {
			isa = PBXGroup;
			children = (
				8FA19B001A0D11AF00E8D523 /* IADDisplay */,
				8FA19AFF1A0D11AF00E8D523 /* Products */,
			);
			sourceTree = "<group>";
		};
		8FA19AFF1A0D11AF00E8D523 /* Products */ = {
			isa = PBXGroup;
			children = (
				8FA19AFE1A0D11AF00E8D523 /* IADDisplay.app */,
			);
			name = Products;
			sourceTree = "<group>";
		};
		8FA19B001A0D11AF00E8D523 /* IADDisplay */ = {
			isa = PBXGroup;
			children = (
				8FA19B051A0D11AF00E8D523 /* AppDelegate.h */,
				8FA19B061A0D11AF00E8D523 /* AppDelegate.m */,
				8FA19B271A0D121700E8D523 /* IADDisplayImageView.h */,
				8FA19B281A0D121700E8D523 /* IADDisplayImageView.m */,
				8FA19B081A0D11AF00E8D523 /* ViewController.h */,
				8FA19B091A0D11AF00E8D523 /* ViewController.m */,
				8FA19B0E1A0D11AF00E8D523 /* Images.xcassets */,
				8FA19B101A0D11AF00E8D523 /* LaunchScreen.xib */,
				8FA19B011A0D11AF00E8D523 /* Supporting Files */,
			);
			path = IADDisplay;
			sourceTree = "<group>";
		};
		8FA19B011A0D11AF00E8D523 /* Supporting Files */ = {
			isa = PBXGroup;
			children = (
				8FA19B021A0D11AF00E8D523 /* Info.plist */,
				8FA19B031A0D11AF00E8D523 /* main.m */,
			);
			name = "Supporting Files";
			sourceTree = "<group>";
		};
/* End PBXGroup section */

/* Begin PBXNativeTarget section */
		8FA19AFD1A0D11AF00E8D523 /* IADDisplay */ = {
			isa = PBXNativeTarget;
			buildConfigurationList = 8FA19B211A0D11AF00E8D523 /* Build configuration list for PBXNativeTarget "IADDisplay" */;
			buildPhases = (
				8FA19AFA1A0D11AF00E8D523 /* Sources */,
				8FA19AFB1A0D11AF00E8D523 /* Frameworks */,
				8FA19AFC1A0D11AF00E8D523 /* Resources */,
			);
			buildRules = (
			);
			dependencies = (
			);
			name = IADDisplay;
			productName = IADDisplay;
			productReference = 8FA19AFE1A0D11AF00E8D523 /* IADDisplay.app */;
			productType = "com.apple.product-type.application";
		};
/* End PBXNativeTarget section */

/* Begin PBXProject section */
		8FA19AF61A0D11AF00E8D523 /* Project object */ = {
			isa = PBXProject;
			attributes = {
				LastUpgradeCheck = 1020;
				ORGANIZATIONNAME = "413132340@qq.com";
				TargetAttributes = {
					8FA19AFD1A0D11AF00E8D523 = {
						CreatedOnToolsVersion = 6.1;
					};
				};
			};
			buildConfigurationList = 8FA19AF91A0D11AF00E8D523 /* Build configuration list for PBXProject "IADDisplay" */;
			compatibilityVersion = "Xcode 3.2";
			developmentRegion = en;
			hasScannedForEncodings = 0;
			knownRegions = (
				en,
				Base,
			);
			mainGroup = 8FA19AF51A0D11AF00E8D523;
			productRefGroup = 8FA19AFF1A0D11AF00E8D523 /* Products */;
			projectDirPath = "";
			projectRoot = "";
			targets = (
				8FA19AFD1A0D11AF00E8D523 /* IADDisplay */,
			);
		};
/* End PBXProject section */

/* Begin PBXResourcesBuildPhase section */
		8FA19AFC1A0D11AF00E8D523 /* Resources */ = {
			isa = PBXResourcesBuildPhase;
			buildActionMask = 2147483647;
			files = (
				8FA19B121A0D11AF00E8D523 /* LaunchScreen.xib in Resources */,
				8FA19B0F1A0D11AF00E8D523 /* Images.xcassets in Resources */,
			);
			runOnlyForDeploymentPostprocessing = 0;
		};
/* End PBXResourcesBuildPhase section */

/* Begin PBXSourcesBuildPhase section */
		8FA19AFA1A0D11AF00E8D523 /* Sources */ = {
			isa = PBXSourcesBuildPhase;
			buildActionMask = 2147483647;
			files = (
				8FA19B0A1A0D11AF00E8D523 /* ViewController.m in Sources */,
				8FA19B071A0D11AF00E8D523 /* AppDelegate.m in Sources */,
				8FA19B291A0D121700E8D523 /* IADDisplayImageView.m in Sources */,
				8FA19B041A0D11AF00E8D523 /* main.m in Sources */,
			);
			runOnlyForDeploymentPostprocessing = 0;
		};
/* End PBXSourcesBuildPhase section */

/* Begin PBXVariantGroup section */
		8FA19B101A0D11AF00E8D523 /* LaunchScreen.xib */ = {
			isa = PBXVariantGroup;
			children = (
				8FA19B111A0D11AF00E8D523 /* Base */,
			);
			name = LaunchScreen.xib;
			sourceTree = "<group>";
		};
/* End PBXVariantGroup section */

/* Begin XCBuildConfiguration section */
		8FA19B1F1A0D11AF00E8D523 /* Debug */ = {
			isa = XCBuildConfiguration;
			buildSettings = {
				ALWAYS_SEARCH_USER_PATHS = NO;
				CLANG_ANALYZER_LOCALIZABILITY_NONLOCALIZED = YES;
				CLANG_CXX_LANGUAGE_STANDARD = "gnu++0x";
				CLANG_CXX_LIBRARY = "libc++";
				CLANG_ENABLE_MODULES = YES;
				CLANG_ENABLE_OBJC_ARC = YES;
				CLANG_WARN_BLOCK_CAPTURE_AUTORELEASING = YES;
				CLANG_WARN_BOOL_CONVERSION = YES;
				CLANG_WARN_COMMA = YES;
				CLANG_WARN_CONSTANT_CONVERSION = YES;
				CLANG_WARN_DEPRECATED_OBJC_IMPLEMENTATIONS = YES;
				CLANG_WARN_DIRECT_OBJC_ISA_USAGE = YES_ERROR;
				CLANG_WARN_EMPTY_BODY = YES;
				CLANG_WARN_ENUM_CONVERSION = YES;
				CLANG_WARN_INFINITE_RECURSION = YES;
				CLANG_WARN_INT_CONVERSION = YES;
				CLANG_WARN_NON_LITERAL_NULL_CONVERSION = YES;
				CLANG_WARN_OBJC_IMPLICIT_RETAIN_SELF = YES;
				CLANG_WARN_OBJC_LITERAL_CONVERSION = YES;
				CLANG_WARN_OBJC_ROOT_CLASS = YES_ERROR;
				CLANG_WARN_RANGE_LOOP_ANALYSIS = YES;
				CLANG_WARN_STRICT_PROTOTYPES = YES;
				CLANG_WARN_SUSPICIOUS_MOVE = YES;
				CLANG_WARN_UNREACHABLE_CODE = YES;
				CLANG_WARN__DUPLICATE_METHOD_MATCH = YES;
				"CODE_SIGN_IDENTITY[sdk=iphoneos*]" = "iPhone Developer";
				COPY_PHASE_STRIP = NO;
				ENABLE_STRICT_OBJC_MSGSEND = YES;
				ENABLE_TESTABILITY = YES;
				GCC_C_LANGUAGE_STANDARD = gnu99;
				GCC_DYNAMIC_NO_PIC = NO;
				GCC_NO_COMMON_BLOCKS = YES;
				GCC_OPTIMIZATION_LEVEL = 0;
				GCC_PREPROCESSOR_DEFINITIONS = (
					"DEBUG=1",
					"$(inherited)",
				);
				GCC_SYMBOLS_PRIVATE_EXTERN = NO;
				GCC_WARN_64_TO_32_BIT_CONVERSION = YES;
				GCC_WARN_ABOUT_RETURN_TYPE = YES_ERROR;
				GCC_WARN_UNDECLARED_SELECTOR = YES;
				GCC_WARN_UNINITIALIZED_AUTOS = YES_AGGRESSIVE;
				GCC_WARN_UNUSED_FUNCTION = YES;
				GCC_WARN_UNUSED_VARIABLE = YES;
				IPHONEOS_DEPLOYMENT_TARGET = 8.0;
				MTL_ENABLE_DEBUG_INFO = YES;
				ONLY_ACTIVE_ARCH = YES;
				SDKROOT = iphoneos;
			};
			name = Debug;
		};
		8FA19B201A0D11AF00E8D523 /* Release */ = {
			isa = XCBuildConfiguration;
			buildSettings = {
				ALWAYS_SEARCH_USER_PATHS = NO;
				CLANG_ANALYZER_LOCALIZABILITY_NONLOCALIZED = YES;
				CLANG_CXX_LANGUAGE_STANDARD = "gnu++0x";
				CLANG_CXX_LIBRARY = "libc++";
				CLANG_ENABLE_MODULES = YES;
				CLANG_ENABLE_OBJC_ARC = YES;
				CLANG_WARN_BLOCK_CAPTURE_AUTORELEASING = YES;
				CLANG_WARN_BOOL_CONVERSION = YES;
				CLANG_WARN_COMMA = YES;
				CLANG_WARN_CONSTANT_CONVERSION = YES;
				CLANG_WARN_DEPRECATED_OBJC_IMPLEMENTATIONS = YES;
				CLANG_WARN_DIRECT_OBJC_ISA_USAGE = YES_ERROR;
				CLANG_WARN_EMPTY_BODY = YES;
				CLANG_WARN_ENUM_CONVERSION = YES;
				CLANG_WARN_INFINITE_RECURSION = YES;
				CLANG_WARN_INT_CONVERSION = YES;
				CLANG_WARN_NON_LITERAL_NULL_CONVERSION = YES;
				CLANG_WARN_OBJC_IMPLICIT_RETAIN_SELF = YES;
				CLANG_WARN_OBJC_LITERAL_CONVERSION = YES;
				CLANG_WARN_OBJC_ROOT_CLASS = YES_ERROR;
				CLANG_WARN_RANGE_LOOP_ANALYSIS = YES;
				CLANG_WARN_STRICT_PROTOTYPES = YES;
				CLANG_WARN_SUSPICIOUS_MOVE = YES;
				CLANG_WARN_UNREACHABLE_CODE = YES;
				CLANG_WARN__DUPLICATE_METHOD_MATCH = YES;
				"CODE_SIGN_IDENTITY[sdk=iphoneos*]" = "iPhone Developer";
				COPY_PHASE_STRIP = YES;
				ENABLE_NS_ASSERTIONS = NO;
				ENABLE_STRICT_OBJC_MSGSEND = YES;
				GCC_C_LANGUAGE_STANDARD = gnu99;
				GCC_NO_COMMON_BLOCKS = YES;
				GCC_WARN_64_TO_32_BIT_CONVERSION = YES;
				GCC_WARN_ABOUT_RETURN_TYPE = YES_ERROR;
				GCC_WARN_UNDECLARED_SELECTOR = YES;
				GCC_WARN_UNINITIALIZED_AUTOS = YES_AGGRESSIVE;
				GCC_WARN_UNUSED_FUNCTION = YES;
				GCC_WARN_UNUSED_VARIABLE = YES;
				IPHONEOS_DEPLOYMENT_TARGET = 8.0;
				MTL_ENABLE_DEBUG_INFO = NO;
				SDKROOT = iphoneos;
				VALIDATE_PRODUCT = YES;
			};
			name = Release;
		};
		8FA19B221A0D11AF00E8D523 /* Debug */ = {
			isa = XCBuildConfiguration;
			buildSettings = {
				ASSETCATALOG_COMPILER_APPICON_NAME = AppIcon;
				ASSETCATALOG_COMPILER_LAUNCHIMAGE_NAME = "";
				INFOPLIST_FILE = IADDisplay/Info.plist;
				LD_RUNPATH_SEARCH_PATHS = "$(inherited) @executable_path/Frameworks";
				PRODUCT_BUNDLE_IDENTIFIER = "com.saucym.$(PRODUCT_NAME:rfc1034identifier)";
				PRODUCT_NAME = "$(TARGET_NAME)";
				VALID_ARCHS = "arm64 armv7 armv7s";
			};
			name = Debug;
		};
		8FA19B231A0D11AF00E8D523 /* Release */ = {
			isa = XCBuildConfiguration;
			buildSettings = {
				ASSETCATALOG_COMPILER_APPICON_NAME = AppIcon;
				ASSETCATALOG_COMPILER_LAUNCHIMAGE_NAME = "";
				INFOPLIST_FILE = IADDisplay/Info.plist;
				LD_RUNPATH_SEARCH_PATHS = "$(inherited) @executable_path/Frameworks";
				PRODUCT_BUNDLE_IDENTIFIER = "com.saucym.$(PRODUCT_NAME:rfc1034identifier)";
				PRODUCT_NAME = "$(TARGET_NAME)";
				VALID_ARCHS = "arm64 armv7 armv7s";
			};
			name = Release;
		};
/* End XCBuildConfiguration section */

/* Begin XCConfigurationList section */
		8FA19AF91A0D11AF00E8D523 /* Build configuration list for PBXProject "IADDisplay" */ = {
			isa = XCConfigurationList;
			buildConfigurations = (
				8FA19B1F1A0D11AF00E8D523 /* Debug */,
				8FA19B201A0D11AF00E8D523 /* Release */,
			);
			defaultConfigurationIsVisible = 0;
			defaultConfigurationName = Release;
		};
		8FA19B211A0D11AF00E8D523 /* Build configuration list for PBXNativeTarget "IADDisplay" */ = {
			isa = XCConfigurationList;
			buildConfigurations = (
				8FA19B221A0D11AF00E8D523 /* Debug */,
				8FA19B231A0D11AF00E8D523 /* Release */,
			);
			defaultConfigurationIsVisible = 0;
			defaultConfigurationName = Release;
		};
/* End XCConfigurationList section */
	};
	rootObject = 8FA19AF61A0D11AF00E8D523 /* Project object */;
}
